
Microsoft Visual Studio Solution File, Format Version 12.00
# Visual Studio Version 16
VisualStudioVersion = 16.0.31112.23
MinimumVisualStudioVersion = 10.0.40219.1
Project("{F184B08F-C81C-45F6-A57F-5ABD9991F28F}") = "InvenApp", "InvenApp\InvenApp.vbproj", "{09C5A7C4-4225-483D-BCE2-0B606CD574D5}"
EndProject
Global
	GlobalSection(SolutionConfigurationPlatforms) = preSolution
		Debug|Any CPU = Debug|Any CPU
		Release|Any CPU = Release|Any CPU
	EndGlobalSection
	GlobalSection(ProjectConfigurationPlatforms) = postSolution
		{09C5A7C4-4225-483D-BCE2-0B606CD574D5}.Debug|Any CPU.ActiveCfg = Debug|Any CPU
		{09C5A7C4-4225-483D-BCE2-0B606CD574D5}.Debug|Any CPU.Build.0 = Debug|Any CPU
		{09C5A7C4-4225-483D-BCE2-0B606CD574D5}.Release|Any CPU.ActiveCfg = Release|Any CPU
		{09C5A7C4-4225-483D-BCE2-0B606CD574D5}.Release|Any CPU.Build.0 = Release|Any CPU
	EndGlobalSection
	GlobalSection(SolutionProperties) = preSolution
		HideSolutionNode = FALSE
	EndGlobalSection
	GlobalSection(ExtensibilityGlobals) = postSolution
		SolutionGuid = {013BF994-8FC1-46B2-9A01-BE64817F9E05}
	EndGlobalSection
EndGlobal
